
Microsoft Visual Studio Solution File, Format Version 12.00
# Visual Studio Version 17
VisualStudioVersion = 17.12.35728.132 d17.12
MinimumVisualStudioVersion = 10.0.40219.1
Project("{FAE04EC0-301F-11D3-BF4B-00C04F79EFBC}") = "exercico 7", "exercico 7.csproj", "{0FDF67DF-51AC-4EB8-B9EA-1E021DEE07ED}"
EndProject
Project("{FAE04EC0-301F-11D3-BF4B-00C04F79EFBC}") = "exercico8", "..\exercico8\exercico8.csproj", "{27F834A2-DA44-47F4-949C-0814CA8C8DFC}"
EndProject
Project("{FAE04EC0-301F-11D3-BF4B-00C04F79EFBC}") = "exercicos 9", "..\exercicos 9\exercicos 9.csproj", "{64058B6B-6CF3-4A06-9DDD-61E260BA4C63}"
EndProject
Project("{FAE04EC0-301F-11D3-BF4B-00C04F79EFBC}") = "exercico10", "..\exercico10\exercico10.csproj", "{4165F0B2-8EA1-47FA-9658-FE184C318744}"
EndProject
Global
	GlobalSection(SolutionConfigurationPlatforms) = preSolution
		Debug|Any CPU = Debug|Any CPU
		Release|Any CPU = Release|Any CPU
	EndGlobalSection
	GlobalSection(ProjectConfigurationPlatforms) = postSolution
		{0FDF67DF-51AC-4EB8-B9EA-1E021DEE07ED}.Debug|Any CPU.ActiveCfg = Debug|Any CPU
		{0FDF67DF-51AC-4EB8-B9EA-1E021DEE07ED}.Debug|Any CPU.Build.0 = Debug|Any CPU
		{0FDF67DF-51AC-4EB8-B9EA-1E021DEE07ED}.Release|Any CPU.ActiveCfg = Release|Any CPU
		{0FDF67DF-51AC-4EB8-B9EA-1E021DEE07ED}.Release|Any CPU.Build.0 = Release|Any CPU
		{27F834A2-DA44-47F4-949C-0814CA8C8DFC}.Debug|Any CPU.ActiveCfg = Debug|Any CPU
		{27F834A2-DA44-47F4-949C-0814CA8C8DFC}.Debug|Any CPU.Build.0 = Debug|Any CPU
		{27F834A2-DA44-47F4-949C-0814CA8C8DFC}.Release|Any CPU.ActiveCfg = Release|Any CPU
		{27F834A2-DA44-47F4-949C-0814CA8C8DFC}.Release|Any CPU.Build.0 = Release|Any CPU
		{64058B6B-6CF3-4A06-9DDD-61E260BA4C63}.Debug|Any CPU.ActiveCfg = Debug|Any CPU
		{64058B6B-6CF3-4A06-9DDD-61E260BA4C63}.Debug|Any CPU.Build.0 = Debug|Any CPU
		{64058B6B-6CF3-4A06-9DDD-61E260BA4C63}.Release|Any CPU.ActiveCfg = Release|Any CPU
		{64058B6B-6CF3-4A06-9DDD-61E260BA4C63}.Release|Any CPU.Build.0 = Release|Any CPU
		{4165F0B2-8EA1-47FA-9658-FE184C318744}.Debug|Any CPU.ActiveCfg = Debug|Any CPU
		{4165F0B2-8EA1-47FA-9658-FE184C318744}.Debug|Any CPU.Build.0 = Debug|Any CPU
		{4165F0B2-8EA1-47FA-9658-FE184C318744}.Release|Any CPU.ActiveCfg = Release|Any CPU
		{4165F0B2-8EA1-47FA-9658-FE184C318744}.Release|Any CPU.Build.0 = Release|Any CPU
	EndGlobalSection
	GlobalSection(SolutionProperties) = preSolution
		HideSolutionNode = FALSE
	EndGlobalSection
EndGlobal
