
Microsoft Visual Studio Solution File, Format Version 12.00
# Visual Studio Version 17
VisualStudioVersion = 17.12.35728.132 d17.12
MinimumVisualStudioVersion = 10.0.40219.1
Project("{FAE04EC0-301F-11D3-BF4B-00C04F79EFBC}") = "exercico 7", "exercico 7.csproj", "{0FDF67DF-51AC-4EB8-B9EA-1E021DEE07ED}"
EndProject
Global
	GlobalSection(SolutionConfigurationPlatforms) = preSolution
		Debug|Any CPU = Debug|Any CPU
		Release|Any CPU = Release|Any CPU
	EndGlobalSection
	GlobalSection(ProjectConfigurationPlatforms) = postSolution
		{0FDF67DF-51AC-4EB8-B9EA-1E021DEE07ED}.Debug|Any CPU.ActiveCfg = Debug|Any CPU
		{0FDF67DF-51AC-4EB8-B9EA-1E021DEE07ED}.Debug|Any CPU.Build.0 = Debug|Any CPU
		{0FDF67DF-51AC-4EB8-B9EA-1E021DEE07ED}.Release|Any CPU.ActiveCfg = Release|Any CPU
		{0FDF67DF-51AC-4EB8-B9EA-1E021DEE07ED}.Release|Any CPU.Build.0 = Release|Any CPU
	EndGlobalSection
	GlobalSection(SolutionProperties) = preSolution
		HideSolutionNode = FALSE
	EndGlobalSection
EndGlobal
